
Microsoft Visual Studio Solution File, Format Version 12.00
# Visual Studio Version 16
VisualStudioVersion = 16.0.29519.181
MinimumVisualStudioVersion = 10.0.40219.1
Project("{FAE04EC0-301F-11D3-BF4B-00C04F79EFBC}") = "StructGenericTypeIndexer", "StructGenericTypeIndexer\StructGenericTypeIndexer.csproj", "{7CCD4034-B8C6-4E8B-9FFE-9271D4532256}"
EndProject
Global
	GlobalSection(SolutionConfigurationPlatforms) = preSolution
		Debug|Any CPU = Debug|Any CPU
		Release|Any CPU = Release|Any CPU
	EndGlobalSection
	GlobalSection(ProjectConfigurationPlatforms) = postSolution
		{7CCD4034-B8C6-4E8B-9FFE-9271D4532256}.Debug|Any CPU.ActiveCfg = Debug|Any CPU
		{7CCD4034-B8C6-4E8B-9FFE-9271D4532256}.Debug|Any CPU.Build.0 = Debug|Any CPU
		{7CCD4034-B8C6-4E8B-9FFE-9271D4532256}.Release|Any CPU.ActiveCfg = Release|Any CPU
		{7CCD4034-B8C6-4E8B-9FFE-9271D4532256}.Release|Any CPU.Build.0 = Release|Any CPU
	EndGlobalSection
	GlobalSection(SolutionProperties) = preSolution
		HideSolutionNode = FALSE
	EndGlobalSection
	GlobalSection(ExtensibilityGlobals) = postSolution
		SolutionGuid = {CA53492D-A420-4C84-9F9C-845FD90BF289}
	EndGlobalSection
EndGlobal
